
Microsoft Visual Studio Solution File, Format Version 12.00
# Visual Studio Version 16
VisualStudioVersion = 16.0.31313.79
MinimumVisualStudioVersion = 10.0.40219.1
Project("{FAE04EC0-301F-11D3-BF4B-00C04F79EFBC}") = "Sqlite CRUD", "Sqlite CRUD\Sqlite CRUD.csproj", "{660BD38F-9E42-4732-929B-FC5B94B07617}"
EndProject
Global
	GlobalSection(SolutionConfigurationPlatforms) = preSolution
		Debug|Any CPU = Debug|Any CPU
		Release|Any CPU = Release|Any CPU
	EndGlobalSection
	GlobalSection(ProjectConfigurationPlatforms) = postSolution
		{660BD38F-9E42-4732-929B-FC5B94B07617}.Debug|Any CPU.ActiveCfg = Debug|Any CPU
		{660BD38F-9E42-4732-929B-FC5B94B07617}.Debug|Any CPU.Build.0 = Debug|Any CPU
		{660BD38F-9E42-4732-929B-FC5B94B07617}.Release|Any CPU.ActiveCfg = Release|Any CPU
		{660BD38F-9E42-4732-929B-FC5B94B07617}.Release|Any CPU.Build.0 = Release|Any CPU
	EndGlobalSection
	GlobalSection(SolutionProperties) = preSolution
		HideSolutionNode = FALSE
	EndGlobalSection
	GlobalSection(ExtensibilityGlobals) = postSolution
		SolutionGuid = {C96FD18C-E7B4-4D94-A1E8-44BE9D9545A5}
	EndGlobalSection
EndGlobal
